<?xml version="1.0" encoding="utf-8"?>
<Project ToolsVersion="4.0" xmlns="http://schemas.microsoft.com/developer/msbuild/2003">
  <ItemGroup>
    <Filter Include="Source Files">
      <UniqueIdentifier>{4FC737F1-C7A5-4376-A066-2A32D752A2FF}</UniqueIdentifier>
      <Extensions>cpp;c;cc;cxx;def;odl;idl;hpj;bat;asm;asmx</Extensions>
    </Filter>
    <Filter Include="Header Files">
      <UniqueIdentifier>{93995380-89BD-4b04-88EB-625FBE52EBFB}</UniqueIdentifier>
      <Extensions>h;hh;hpp;hxx;hm;inl;inc;xsd</Extensions>
    </Filter>
    <Filter Include="Resource Files">
      <UniqueIdentifier>{67DA6AB6-F800-4c08-8B7A-83BB121AAD01}</UniqueIdentifier>
      <Extensions>rc;ico;cur;bmp;dlg;rc2;rct;bin;rgs;gif;jpg;jpeg;jpe;resx;tiff;tif;png;wav;mfcribbon-ms</Extensions>
    </Filter>
  </ItemGroup>
  <ItemGroup>
    <ClCompile Include="iMain.cpp">
      <Filter>Source Files</Filter>
    </ClCompile>
  </ItemGroup>
  <ItemGroup>
    <ClInclude Include="Screens\menu_screen.hpp">
      <Filter>Source Files</Filter>
    </ClInclude>
    <ClInclude Include="Screens\setting_screen.hpp">
      <Filter>Source Files</Filter>
    </ClInclude>
    <ClInclude Include="Screens\intro_screen.hpp">
      <Filter>Source Files</Filter>
    </ClInclude>
    <ClInclude Include="enemy_functions\enemy.hpp">
      <Filter>Source Files</Filter>
    </ClInclude>
    <ClInclude Include="character_functions\Hero.hpp">
      <Filter>Source Files</Filter>
    </ClInclude>
    <ClInclude Include="Screens\credit_screen.hpp">
      <Filter>Source Files</Filter>
    </ClInclude>
    <ClInclude Include="Screens\option_screen.hpp">
      <Filter>Source Files</Filter>
    </ClInclude>
    <ClInclude Include="Screens\game_over_screen.hpp">
      <Filter>Source Files</Filter>
    </ClInclude>
    <ClInclude Include="Screens\Level_1_game_screen.hpp">
      <Filter>Source Files</Filter>
    </ClInclude>
    <ClInclude Include="Screens\Level_2_game_screen.hpp">
      <Filter>Source Files</Filter>
    </ClInclude>
    <ClInclude Include="Screens\after_lvl_1_screen.hpp">
      <Filter>Source Files</Filter>
    </ClInclude>
    <ClInclude Include="Screens\Score_Screen.hpp">
      <Filter>Source Files</Filter>
    </ClInclude>
    <ClInclude Include="Screens\GameScreen.hpp">
      <Filter>Source Files</Filter>
    </ClInclude>
  </ItemGroup>
  <ItemGroup>
    <None Include="resources\._.DS_Store">
      <Filter>Resource Files</Filter>
    </None>
    <None Include="resources\._credit">
      <Filter>Resource Files</Filter>
    </None>
    <None Include="resources\._Enemy">
      <Filter>Resource Files</Filter>
    </None>
    <None Include="resources\._Enemy Count Icon">
      <Filter>Resource Files</Filter>
    </None>
    <None Include="resources\._game over">
      <Filter>Resource Files</Filter>
    </None>
    <None Include="resources\._game_screen">
      <Filter>Resource Files</Filter>
    </None>
    <None Include="resources\._Health Bar">
      <Filter>Resource Files</Filter>
    </None>
    <None Include="resources\._Level 1 boss enemy health bar">
      <Filter>Resource Files</Filter>
    </None>
    <None Include="resources\._Level_1">
      <Filter>Resource Files</Filter>
    </None>
    <None Include="resources\._Main_Character">
      <Filter>Resource Files</Filter>
    </None>
    <None Include="resources\._menu_screen">
      <Filter>Resource Files</Filter>
    </None>
    <None Include="resources\._obstacles">
      <Filter>Resource Files</Filter>
    </None>
    <None Include="resources\._option">
      <Filter>Resource Files</Filter>
    </None>
    <None Include="resources\._Point Count Icon">
      <Filter>Resource Files</Filter>
    </None>
    <None Include="resources\._power_up_icon">
      <Filter>Resource Files</Filter>
    </None>
    <None Include="resources\.DS_Store">
      <Filter>Resource Files</Filter>
    </None>
  </ItemGroup>
  <ItemGroup>
    <Text Include="score.txt">
      <Filter>Source Files</Filter>
    </Text>
  </ItemGroup>
</Project>